<?xml version="1.0" encoding="utf-8"?>
<Project ToolsVersion="4.0" xmlns="http://schemas.microsoft.com/developer/msbuild/2003">
  <ItemGroup>
    <ClCompile Include="src\Graphics.cpp" />
    <ClCompile Include="src\Utils.cpp" />
    <ClCompile Include="src\Window.cpp" />
    <ClCompile Include="src\Entrance.cpp" />
  </ItemGroup>
  <ItemGroup>
    <ClInclude Include="include\Common.h">
      <Filter>Include</Filter>
    </ClInclude>
    <ClInclude Include="include\thirdparty\dxc\dxcapi.h">
      <Filter>Include\thirdparty</Filter>
    </ClInclude>
    <ClInclude Include="include\thirdparty\dxc\dxcapi.use.h">
      <Filter>Include\thirdparty</Filter>
    </ClInclude>
    <ClInclude Include="include\Graphics.h">
      <Filter>Include</Filter>
    </ClInclude>
    <ClInclude Include="include\thirdparty\stb_image.h">
      <Filter>Include\thirdparty</Filter>
    </ClInclude>
    <ClInclude Include="include\Structures.h">
      <Filter>Include</Filter>
    </ClInclude>
    <ClInclude Include="include\thirdparty\tiny_obj_loader.h">
      <Filter>Include\thirdparty</Filter>
    </ClInclude>
    <ClInclude Include="include\Utils.h">
      <Filter>Include</Filter>
    </ClInclude>
    <ClInclude Include="include\Window.h">
      <Filter>Include</Filter>
    </ClInclude>
  </ItemGroup>
  <ItemGroup>
    <Filter Include="Include">
      <UniqueIdentifier>{fa63cc54-b919-4829-9ffb-93efc1096600}</UniqueIdentifier>
    </Filter>
    <Filter Include="Include\thirdparty">
      <UniqueIdentifier>{a8978e1c-55b7-488a-8cae-b2e29a6acc7a}</UniqueIdentifier>
    </Filter>
    <Filter Include="Shaders">
      <UniqueIdentifier>{a625fe1f-b04b-46f5-827b-9f35b86deadc}</UniqueIdentifier>
    </Filter>
    <Filter Include="EShaders">
      <UniqueIdentifier>{d523fe98-fc0c-447c-a2fe-4c6f673f4340}</UniqueIdentifier>
    </Filter>
  </ItemGroup>
  <ItemGroup>
    <FxCompile Include="shaders\AoClosestHit.hlsl">
      <Filter>Shaders</Filter>
    </FxCompile>
    <FxCompile Include="shaders\AoCommon.hlsl">
      <Filter>Shaders</Filter>
    </FxCompile>
    <FxCompile Include="shaders\AoMiss.hlsl">
      <Filter>Shaders</Filter>
    </FxCompile>
    <FxCompile Include="shaders\AoRayGen.hlsl">
      <Filter>Shaders</Filter>
    </FxCompile>
    <FxCompile Include="shaders\BasePass.hlsl">
      <Filter>Shaders</Filter>
    </FxCompile>
    <FxCompile Include="shaders\Random.hlsl">
      <Filter>Shaders</Filter>
    </FxCompile>
    <FxCompile Include="shaders\ClosestHit.hlsl">
      <Filter>EShaders</Filter>
    </FxCompile>
    <FxCompile Include="shaders\Common.hlsl">
      <Filter>EShaders</Filter>
    </FxCompile>
    <FxCompile Include="shaders\Miss.hlsl">
      <Filter>EShaders</Filter>
    </FxCompile>
    <FxCompile Include="shaders\RayGen.hlsl">
      <Filter>EShaders</Filter>
    </FxCompile>
  </ItemGroup>
</Project>